
Microsoft Visual Studio Solution File, Format Version 12.00
# Visual Studio Version 16
VisualStudioVersion = 16.0.33927.289
MinimumVisualStudioVersion = 10.0.40219.1
Project("{FAE04EC0-301F-11D3-BF4B-00C04F79EFBC}") = "EjemploAbmDialogo1", "EjemploAbmDialogo1\EjemploAbmDialogo1.csproj", "{6CA5C3B8-B16A-40FC-877C-350B1FF8A998}"
EndProject
Project("{FAE04EC0-301F-11D3-BF4B-00C04F79EFBC}") = "EjemploAbmDialogo2", "EjemploAbmDialogo2\EjemploAbmDialogo2.csproj", "{2840FFA7-5415-462E-B1EA-A43FD28F9518}"
EndProject
Project("{FAE04EC0-301F-11D3-BF4B-00C04F79EFBC}") = "EjemploAbmDialogo3", "EjemploAbmDialogo3\EjemploAbmDialogo3.csproj", "{B22107BD-339D-468F-ABB3-8E66B07859F3}"
EndProject
Global
	GlobalSection(SolutionConfigurationPlatforms) = preSolution
		Debug|Any CPU = Debug|Any CPU
		Release|Any CPU = Release|Any CPU
	EndGlobalSection
	GlobalSection(ProjectConfigurationPlatforms) = postSolution
		{6CA5C3B8-B16A-40FC-877C-350B1FF8A998}.Debug|Any CPU.ActiveCfg = Debug|Any CPU
		{6CA5C3B8-B16A-40FC-877C-350B1FF8A998}.Debug|Any CPU.Build.0 = Debug|Any CPU
		{6CA5C3B8-B16A-40FC-877C-350B1FF8A998}.Release|Any CPU.ActiveCfg = Release|Any CPU
		{6CA5C3B8-B16A-40FC-877C-350B1FF8A998}.Release|Any CPU.Build.0 = Release|Any CPU
		{2840FFA7-5415-462E-B1EA-A43FD28F9518}.Debug|Any CPU.ActiveCfg = Debug|Any CPU
		{2840FFA7-5415-462E-B1EA-A43FD28F9518}.Debug|Any CPU.Build.0 = Debug|Any CPU
		{2840FFA7-5415-462E-B1EA-A43FD28F9518}.Release|Any CPU.ActiveCfg = Release|Any CPU
		{2840FFA7-5415-462E-B1EA-A43FD28F9518}.Release|Any CPU.Build.0 = Release|Any CPU
		{B22107BD-339D-468F-ABB3-8E66B07859F3}.Debug|Any CPU.ActiveCfg = Debug|Any CPU
		{B22107BD-339D-468F-ABB3-8E66B07859F3}.Debug|Any CPU.Build.0 = Debug|Any CPU
		{B22107BD-339D-468F-ABB3-8E66B07859F3}.Release|Any CPU.ActiveCfg = Release|Any CPU
		{B22107BD-339D-468F-ABB3-8E66B07859F3}.Release|Any CPU.Build.0 = Release|Any CPU
	EndGlobalSection
	GlobalSection(SolutionProperties) = preSolution
		HideSolutionNode = FALSE
	EndGlobalSection
	GlobalSection(ExtensibilityGlobals) = postSolution
		SolutionGuid = {42977845-DC77-4AC5-939B-1BB88347C9E9}
	EndGlobalSection
EndGlobal
